
Microsoft Visual Studio Solution File, Format Version 12.00
# Visual Studio Version 16
VisualStudioVersion = 16.0.31112.23
MinimumVisualStudioVersion = 10.0.40219.1
Project("{888888A0-9F3D-457C-B088-3A5042F75D52}") = "TelegCam", "TelegCam\TelegCam.pyproj", "{371D5446-80E8-4913-963F-6A06FFFF3602}"
EndProject
Global
	GlobalSection(SolutionConfigurationPlatforms) = preSolution
		Debug|Any CPU = Debug|Any CPU
		Release|Any CPU = Release|Any CPU
	EndGlobalSection
	GlobalSection(ProjectConfigurationPlatforms) = postSolution
		{371D5446-80E8-4913-963F-6A06FFFF3602}.Debug|Any CPU.ActiveCfg = Debug|Any CPU
		{371D5446-80E8-4913-963F-6A06FFFF3602}.Release|Any CPU.ActiveCfg = Release|Any CPU
	EndGlobalSection
	GlobalSection(SolutionProperties) = preSolution
		HideSolutionNode = FALSE
	EndGlobalSection
	GlobalSection(ExtensibilityGlobals) = postSolution
		SolutionGuid = {E025C6BA-871B-43FA-B964-FD33FB385627}
	EndGlobalSection
EndGlobal
